// !$*UTF8*$!
{
	archiveVersion = 1;
	classes = {
	};
	objectVersion = 77;
	objects = {

/* Begin PBXBuildFile section */
		196E30492F3F6D3E00599E88 /* A_morse_code.ogg.mp3 in Resources */ = {isa = PBXBuildFile; fileRef = 196E30482F3F6D3E00599E88 /* A_morse_code.ogg.mp3 */; };
		196E304B2F3F6D4800599E88 /* B_morse_code.ogg.mp3 in Resources */ = {isa = PBXBuildFile; fileRef = 196E304A2F3F6D4800599E88 /* B_morse_code.ogg.mp3 */; };
		196E304D2F3F6D5200599E88 /* C_morse_code.ogg.mp3 in Resources */ = {isa = PBXBuildFile; fileRef = 196E304C2F3F6D5100599E88 /* C_morse_code.ogg.mp3 */; };
		196E304F2F3F6D5C00599E88 /* D_morse_code.ogg.mp3 in Resources */ = {isa = PBXBuildFile; fileRef = 196E304E2F3F6D5B00599E88 /* D_morse_code.ogg.mp3 */; };
		196E30552F3F6D7300599E88 /* E_morse_code.ogg.mp3 in Resources */ = {isa = PBXBuildFile; fileRef = 196E30502F3F6D7300599E88 /* E_morse_code.ogg.mp3 */; };
		196E30562F3F6D7300599E88 /* G_morse_code.ogg.mp3 in Resources */ = {isa = PBXBuildFile; fileRef = 196E30512F3F6D7300599E88 /* G_morse_code.ogg.mp3 */; };
		196E30572F3F6D7300599E88 /* H_morse_code.ogg.mp3 in Resources */ = {isa = PBXBuildFile; fileRef = 196E30522F3F6D7300599E88 /* H_morse_code.ogg.mp3 */; };
		196E30582F3F6D7300599E88 /* I_morse_code.ogg.mp3 in Resources */ = {isa = PBXBuildFile; fileRef = 196E30532F3F6D7300599E88 /* I_morse_code.ogg.mp3 */; };
		196E30592F3F6D7300599E88 /* F_morse_code.ogg.mp3 in Resources */ = {isa = PBXBuildFile; fileRef = 196E30542F3F6D7300599E88 /* F_morse_code.ogg.mp3 */; };
		196E30622F3F6DEF00599E88 /* K_morse_code.ogg.mp3 in Resources */ = {isa = PBXBuildFile; fileRef = 196E305A2F3F6DEF00599E88 /* K_morse_code.ogg.mp3 */; };
		196E30632F3F6DEF00599E88 /* L_morse_code.ogg.mp3 in Resources */ = {isa = PBXBuildFile; fileRef = 196E305B2F3F6DEF00599E88 /* L_morse_code.ogg.mp3 */; };
		196E30642F3F6DEF00599E88 /* O_morse_code.ogg.mp3 in Resources */ = {isa = PBXBuildFile; fileRef = 196E305C2F3F6DEF00599E88 /* O_morse_code.ogg.mp3 */; };
		196E30652F3F6DEF00599E88 /* M_morse_code.ogg.mp3 in Resources */ = {isa = PBXBuildFile; fileRef = 196E305D2F3F6DEF00599E88 /* M_morse_code.ogg.mp3 */; };
		196E30662F3F6DEF00599E88 /* J_morse_code.ogg.mp3 in Resources */ = {isa = PBXBuildFile; fileRef = 196E305E2F3F6DEF00599E88 /* J_morse_code.ogg.mp3 */; };
		196E30672F3F6DEF00599E88 /* P_morse_code.ogg.mp3 in Resources */ = {isa = PBXBuildFile; fileRef = 196E305F2F3F6DEF00599E88 /* P_morse_code.ogg.mp3 */; };
		196E30682F3F6DEF00599E88 /* Q_morse_code.ogg.mp3 in Resources */ = {isa = PBXBuildFile; fileRef = 196E30602F3F6DEF00599E88 /* Q_morse_code.ogg.mp3 */; };
		196E30692F3F6DEF00599E88 /* N_morse_code.ogg.mp3 in Resources */ = {isa = PBXBuildFile; fileRef = 196E30612F3F6DEF00599E88 /* N_morse_code.ogg.mp3 */; };
		196E30732F3F6E5700599E88 /* T_morse_code.ogg.mp3 in Resources */ = {isa = PBXBuildFile; fileRef = 196E306A2F3F6E5600599E88 /* T_morse_code.ogg.mp3 */; };
		196E30742F3F6E5700599E88 /* X_morse_code.ogg.mp3 in Resources */ = {isa = PBXBuildFile; fileRef = 196E306B2F3F6E5600599E88 /* X_morse_code.ogg.mp3 */; };
		196E30752F3F6E5700599E88 /* Z_morse_code.ogg.mp3 in Resources */ = {isa = PBXBuildFile; fileRef = 196E306C2F3F6E5600599E88 /* Z_morse_code.ogg.mp3 */; };
		196E30762F3F6E5700599E88 /* W_morse_code.ogg.mp3 in Resources */ = {isa = PBXBuildFile; fileRef = 196E306D2F3F6E5600599E88 /* W_morse_code.ogg.mp3 */; };
		196E30772F3F6E5700599E88 /* S_morse_code.ogg.mp3 in Resources */ = {isa = PBXBuildFile; fileRef = 196E306E2F3F6E5600599E88 /* S_morse_code.ogg.mp3 */; };
		196E30782F3F6E5700599E88 /* Y_morse_code.ogg.mp3 in Resources */ = {isa = PBXBuildFile; fileRef = 196E306F2F3F6E5600599E88 /* Y_morse_code.ogg.mp3 */; };
		196E30792F3F6E5700599E88 /* V_morse_code.ogg.mp3 in Resources */ = {isa = PBXBuildFile; fileRef = 196E30702F3F6E5700599E88 /* V_morse_code.ogg.mp3 */; };
		196E307A2F3F6E5700599E88 /* U_morse_code.ogg.mp3 in Resources */ = {isa = PBXBuildFile; fileRef = 196E30712F3F6E5700599E88 /* U_morse_code.ogg.mp3 */; };
		196E307B2F3F6E5700599E88 /* R_morse_code.ogg.mp3 in Resources */ = {isa = PBXBuildFile; fileRef = 196E30722F3F6E5700599E88 /* R_morse_code.ogg.mp3 */; };
		196E307C2F3F71FD00599E88 /* R_morse_code.ogg.mp3 in Resources */ = {isa = PBXBuildFile; fileRef = 196E30722F3F6E5700599E88 /* R_morse_code.ogg.mp3 */; };
		196E307D2F3F71FD00599E88 /* S_morse_code.ogg.mp3 in Resources */ = {isa = PBXBuildFile; fileRef = 196E306E2F3F6E5600599E88 /* S_morse_code.ogg.mp3 */; };
		196E307E2F3F71FD00599E88 /* T_morse_code.ogg.mp3 in Resources */ = {isa = PBXBuildFile; fileRef = 196E306A2F3F6E5600599E88 /* T_morse_code.ogg.mp3 */; };
		196E307F2F3F71FD00599E88 /* U_morse_code.ogg.mp3 in Resources */ = {isa = PBXBuildFile; fileRef = 196E30712F3F6E5700599E88 /* U_morse_code.ogg.mp3 */; };
		196E30802F3F71FD00599E88 /* V_morse_code.ogg.mp3 in Resources */ = {isa = PBXBuildFile; fileRef = 196E30702F3F6E5700599E88 /* V_morse_code.ogg.mp3 */; };
		196E30812F3F71FD00599E88 /* W_morse_code.ogg.mp3 in Resources */ = {isa = PBXBuildFile; fileRef = 196E306D2F3F6E5600599E88 /* W_morse_code.ogg.mp3 */; };
		196E30822F3F71FD00599E88 /* X_morse_code.ogg.mp3 in Resources */ = {isa = PBXBuildFile; fileRef = 196E306B2F3F6E5600599E88 /* X_morse_code.ogg.mp3 */; };
		196E30832F3F71FD00599E88 /* Y_morse_code.ogg.mp3 in Resources */ = {isa = PBXBuildFile; fileRef = 196E306F2F3F6E5600599E88 /* Y_morse_code.ogg.mp3 */; };
		196E30842F3F71FD00599E88 /* Z_morse_code.ogg.mp3 in Resources */ = {isa = PBXBuildFile; fileRef = 196E306C2F3F6E5600599E88 /* Z_morse_code.ogg.mp3 */; };
		196E30852F3F71FD00599E88 /* J_morse_code.ogg.mp3 in Resources */ = {isa = PBXBuildFile; fileRef = 196E305E2F3F6DEF00599E88 /* J_morse_code.ogg.mp3 */; };
		196E30862F3F71FD00599E88 /* K_morse_code.ogg.mp3 in Resources */ = {isa = PBXBuildFile; fileRef = 196E305A2F3F6DEF00599E88 /* K_morse_code.ogg.mp3 */; };
		196E30872F3F71FD00599E88 /* L_morse_code.ogg.mp3 in Resources */ = {isa = PBXBuildFile; fileRef = 196E305B2F3F6DEF00599E88 /* L_morse_code.ogg.mp3 */; };
		196E30882F3F71FD00599E88 /* M_morse_code.ogg.mp3 in Resources */ = {isa = PBXBuildFile; fileRef = 196E305D2F3F6DEF00599E88 /* M_morse_code.ogg.mp3 */; };
		196E30892F3F71FD00599E88 /* N_morse_code.ogg.mp3 in Resources */ = {isa = PBXBuildFile; fileRef = 196E30612F3F6DEF00599E88 /* N_morse_code.ogg.mp3 */; };
		196E308A2F3F71FD00599E88 /* O_morse_code.ogg.mp3 in Resources */ = {isa = PBXBuildFile; fileRef = 196E305C2F3F6DEF00599E88 /* O_morse_code.ogg.mp3 */; };
		196E308B2F3F71FD00599E88 /* P_morse_code.ogg.mp3 in Resources */ = {isa = PBXBuildFile; fileRef = 196E305F2F3F6DEF00599E88 /* P_morse_code.ogg.mp3 */; };
		196E308C2F3F71FD00599E88 /* Q_morse_code.ogg.mp3 in Resources */ = {isa = PBXBuildFile; fileRef = 196E30602F3F6DEF00599E88 /* Q_morse_code.ogg.mp3 */; };
		196E308D2F3F71FD00599E88 /* E_morse_code.ogg.mp3 in Resources */ = {isa = PBXBuildFile; fileRef = 196E30502F3F6D7300599E88 /* E_morse_code.ogg.mp3 */; };
		196E308E2F3F71FD00599E88 /* F_morse_code.ogg.mp3 in Resources */ = {isa = PBXBuildFile; fileRef = 196E30542F3F6D7300599E88 /* F_morse_code.ogg.mp3 */; };
		196E308F2F3F71FD00599E88 /* G_morse_code.ogg.mp3 in Resources */ = {isa = PBXBuildFile; fileRef = 196E30512F3F6D7300599E88 /* G_morse_code.ogg.mp3 */; };
		196E30902F3F71FD00599E88 /* H_morse_code.ogg.mp3 in Resources */ = {isa = PBXBuildFile; fileRef = 196E30522F3F6D7300599E88 /* H_morse_code.ogg.mp3 */; };
		196E30912F3F71FD00599E88 /* I_morse_code.ogg.mp3 in Resources */ = {isa = PBXBuildFile; fileRef = 196E30532F3F6D7300599E88 /* I_morse_code.ogg.mp3 */; };
		196E30922F3F71FD00599E88 /* D_morse_code.ogg.mp3 in Resources */ = {isa = PBXBuildFile; fileRef = 196E304E2F3F6D5B00599E88 /* D_morse_code.ogg.mp3 */; };
		196E30932F3F71FD00599E88 /* C_morse_code.ogg.mp3 in Resources */ = {isa = PBXBuildFile; fileRef = 196E304C2F3F6D5100599E88 /* C_morse_code.ogg.mp3 */; };
		196E30942F3F71FD00599E88 /* B_morse_code.ogg.mp3 in Resources */ = {isa = PBXBuildFile; fileRef = 196E304A2F3F6D4800599E88 /* B_morse_code.ogg.mp3 */; };
		196E30952F3F71FD00599E88 /* A_morse_code.ogg.mp3 in Resources */ = {isa = PBXBuildFile; fileRef = 196E30482F3F6D3E00599E88 /* A_morse_code.ogg.mp3 */; };
		196E309B2F46037C00599E88 /* AppIcon.icon in Resources */ = {isa = PBXBuildFile; fileRef = 196E309A2F46037C00599E88 /* AppIcon.icon */; };
		196E309C2F46037C00599E88 /* AppIcon.icon in Resources */ = {isa = PBXBuildFile; fileRef = 196E309A2F46037C00599E88 /* AppIcon.icon */; };
		197D23812F226AF2003F8307 /* MorseMode Watch App.app in Embed Watch Content */ = {isa = PBXBuildFile; fileRef = 197D23802F226AF2003F8307 /* MorseMode Watch App.app */; settings = {ATTRIBUTES = (RemoveHeadersOnCopy, ); }; };
		19DDB3C52F3CD37100E1C059 /* PhoneConnectivity.swift in Sources */ = {isa = PBXBuildFile; fileRef = 19DDB3C42F3CD37100E1C059 /* PhoneConnectivity.swift */; };
		19DDB3C72F3CE73500E1C059 /* MorseModeConnectivity.swift in Sources */ = {isa = PBXBuildFile; fileRef = 19DDB3C62F3CE73500E1C059 /* MorseModeConnectivity.swift */; };
/* End PBXBuildFile section */

/* Begin PBXContainerItemProxy section */
		197D23822F226AF2003F8307 /* PBXContainerItemProxy */ = {
			isa = PBXContainerItemProxy;
			containerPortal = 197D236B2F226AF2003F8307 /* Project object */;
			proxyType = 1;
			remoteGlobalIDString = 197D237F2F226AF2003F8307;
			remoteInfo = "MorseMode Watch App";
		};
/* End PBXContainerItemProxy section */

/* Begin PBXCopyFilesBuildPhase section */
		197D23902F226AF3003F8307 /* Embed Watch Content */ = {
			isa = PBXCopyFilesBuildPhase;
			buildActionMask = 2147483647;
			dstPath = "$(CONTENTS_FOLDER_PATH)/Watch";
			dstSubfolderSpec = 16;
			files = (
				197D23812F226AF2003F8307 /* MorseMode Watch App.app in Embed Watch Content */,
			);
			name = "Embed Watch Content";
			runOnlyForDeploymentPostprocessing = 0;
		};
/* End PBXCopyFilesBuildPhase section */

/* Begin PBXFileReference section */
		196E30482F3F6D3E00599E88 /* A_morse_code.ogg.mp3 */ = {isa = PBXFileReference; lastKnownFileType = audio.mp3; path = A_morse_code.ogg.mp3; sourceTree = "<group>"; };
		196E304A2F3F6D4800599E88 /* B_morse_code.ogg.mp3 */ = {isa = PBXFileReference; lastKnownFileType = audio.mp3; path = B_morse_code.ogg.mp3; sourceTree = "<group>"; };
		196E304C2F3F6D5100599E88 /* C_morse_code.ogg.mp3 */ = {isa = PBXFileReference; lastKnownFileType = audio.mp3; path = C_morse_code.ogg.mp3; sourceTree = "<group>"; };
		196E304E2F3F6D5B00599E88 /* D_morse_code.ogg.mp3 */ = {isa = PBXFileReference; lastKnownFileType = audio.mp3; path = D_morse_code.ogg.mp3; sourceTree = "<group>"; };
		196E30502F3F6D7300599E88 /* E_morse_code.ogg.mp3 */ = {isa = PBXFileReference; lastKnownFileType = audio.mp3; path = E_morse_code.ogg.mp3; sourceTree = "<group>"; };
		196E30512F3F6D7300599E88 /* G_morse_code.ogg.mp3 */ = {isa = PBXFileReference; lastKnownFileType = audio.mp3; path = G_morse_code.ogg.mp3; sourceTree = "<group>"; };
		196E30522F3F6D7300599E88 /* H_morse_code.ogg.mp3 */ = {isa = PBXFileReference; lastKnownFileType = audio.mp3; path = H_morse_code.ogg.mp3; sourceTree = "<group>"; };
		196E30532F3F6D7300599E88 /* I_morse_code.ogg.mp3 */ = {isa = PBXFileReference; lastKnownFileType = audio.mp3; path = I_morse_code.ogg.mp3; sourceTree = "<group>"; };
		196E30542F3F6D7300599E88 /* F_morse_code.ogg.mp3 */ = {isa = PBXFileReference; lastKnownFileType = audio.mp3; path = F_morse_code.ogg.mp3; sourceTree = "<group>"; };
		196E305A2F3F6DEF00599E88 /* K_morse_code.ogg.mp3 */ = {isa = PBXFileReference; lastKnownFileType = audio.mp3; path = K_morse_code.ogg.mp3; sourceTree = "<group>"; };
		196E305B2F3F6DEF00599E88 /* L_morse_code.ogg.mp3 */ = {isa = PBXFileReference; lastKnownFileType = audio.mp3; path = L_morse_code.ogg.mp3; sourceTree = "<group>"; };
		196E305C2F3F6DEF00599E88 /* O_morse_code.ogg.mp3 */ = {isa = PBXFileReference; lastKnownFileType = audio.mp3; path = O_morse_code.ogg.mp3; sourceTree = "<group>"; };
		196E305D2F3F6DEF00599E88 /* M_morse_code.ogg.mp3 */ = {isa = PBXFileReference; lastKnownFileType = audio.mp3; path = M_morse_code.ogg.mp3; sourceTree = "<group>"; };
		196E305E2F3F6DEF00599E88 /* J_morse_code.ogg.mp3 */ = {isa = PBXFileReference; lastKnownFileType = audio.mp3; path = J_morse_code.ogg.mp3; sourceTree = "<group>"; };
		196E305F2F3F6DEF00599E88 /* P_morse_code.ogg.mp3 */ = {isa = PBXFileReference; lastKnownFileType = audio.mp3; path = P_morse_code.ogg.mp3; sourceTree = "<group>"; };
		196E30602F3F6DEF00599E88 /* Q_morse_code.ogg.mp3 */ = {isa = PBXFileReference; lastKnownFileType = audio.mp3; path = Q_morse_code.ogg.mp3; sourceTree = "<group>"; };
		196E30612F3F6DEF00599E88 /* N_morse_code.ogg.mp3 */ = {isa = PBXFileReference; lastKnownFileType = audio.mp3; path = N_morse_code.ogg.mp3; sourceTree = "<group>"; };
		196E306A2F3F6E5600599E88 /* T_morse_code.ogg.mp3 */ = {isa = PBXFileReference; lastKnownFileType = audio.mp3; path = T_morse_code.ogg.mp3; sourceTree = "<group>"; };
		196E306B2F3F6E5600599E88 /* X_morse_code.ogg.mp3 */ = {isa = PBXFileReference; lastKnownFileType = audio.mp3; path = X_morse_code.ogg.mp3; sourceTree = "<group>"; };
		196E306C2F3F6E5600599E88 /* Z_morse_code.ogg.mp3 */ = {isa = PBXFileReference; lastKnownFileType = audio.mp3; path = Z_morse_code.ogg.mp3; sourceTree = "<group>"; };
		196E306D2F3F6E5600599E88 /* W_morse_code.ogg.mp3 */ = {isa = PBXFileReference; lastKnownFileType = audio.mp3; path = W_morse_code.ogg.mp3; sourceTree = "<group>"; };
		196E306E2F3F6E5600599E88 /* S_morse_code.ogg.mp3 */ = {isa = PBXFileReference; lastKnownFileType = audio.mp3; path = S_morse_code.ogg.mp3; sourceTree = "<group>"; };
		196E306F2F3F6E5600599E88 /* Y_morse_code.ogg.mp3 */ = {isa = PBXFileReference; lastKnownFileType = audio.mp3; path = Y_morse_code.ogg.mp3; sourceTree = "<group>"; };
		196E30702F3F6E5700599E88 /* V_morse_code.ogg.mp3 */ = {isa = PBXFileReference; lastKnownFileType = audio.mp3; path = V_morse_code.ogg.mp3; sourceTree = "<group>"; };
		196E30712F3F6E5700599E88 /* U_morse_code.ogg.mp3 */ = {isa = PBXFileReference; lastKnownFileType = audio.mp3; path = U_morse_code.ogg.mp3; sourceTree = "<group>"; };
		196E30722F3F6E5700599E88 /* R_morse_code.ogg.mp3 */ = {isa = PBXFileReference; lastKnownFileType = audio.mp3; path = R_morse_code.ogg.mp3; sourceTree = "<group>"; };
		196E309A2F46037C00599E88 /* AppIcon.icon */ = {isa = PBXFileReference; lastKnownFileType = folder.iconcomposer.icon; path = AppIcon.icon; sourceTree = "<group>"; };
		197D23732F226AF2003F8307 /* MorseMode.app */ = {isa = PBXFileReference; explicitFileType = wrapper.application; includeInIndex = 0; path = MorseMode.app; sourceTree = BUILT_PRODUCTS_DIR; };
		197D23802F226AF2003F8307 /* MorseMode Watch App.app */ = {isa = PBXFileReference; explicitFileType = wrapper.application; includeInIndex = 0; path = "MorseMode Watch App.app"; sourceTree = BUILT_PRODUCTS_DIR; };
		19DDB3C42F3CD37100E1C059 /* PhoneConnectivity.swift */ = {isa = PBXFileReference; lastKnownFileType = sourcecode.swift; path = PhoneConnectivity.swift; sourceTree = "<group>"; };
		19DDB3C62F3CE73500E1C059 /* MorseModeConnectivity.swift */ = {isa = PBXFileReference; lastKnownFileType = sourcecode.swift; path = MorseModeConnectivity.swift; sourceTree = "<group>"; };
/* End PBXFileReference section */

/* Begin PBXFileSystemSynchronizedBuildFileExceptionSet section */
		191E6A0B2F338D120093EDD8 /* Exceptions for "MorseMode" folder in "MorseMode Watch App" target */ = {
			isa = PBXFileSystemSynchronizedBuildFileExceptionSet;
			membershipExceptions = (
				kkberkbm.ttf,
			);
			target = 197D237F2F226AF2003F8307 /* MorseMode Watch App */;
		};
		198603FE2F2AB9C00061466F /* Exceptions for "MorseMode" folder in "MorseMode" target */ = {
			isa = PBXFileSystemSynchronizedBuildFileExceptionSet;
			membershipExceptions = (
				Info.plist,
			);
			target = 197D23722F226AF2003F8307 /* MorseMode */;
		};
/* End PBXFileSystemSynchronizedBuildFileExceptionSet section */

/* Begin PBXFileSystemSynchronizedRootGroup section */
		197D23752F226AF2003F8307 /* MorseMode */ = {
			isa = PBXFileSystemSynchronizedRootGroup;
			exceptions = (
				198603FE2F2AB9C00061466F /* Exceptions for "MorseMode" folder in "MorseMode" target */,
				191E6A0B2F338D120093EDD8 /* Exceptions for "MorseMode" folder in "MorseMode Watch App" target */,
			);
			path = MorseMode;
			sourceTree = "<group>";
		};
		197D23842F226AF2003F8307 /* MorseMode Watch App */ = {
			isa = PBXFileSystemSynchronizedRootGroup;
			path = "MorseMode Watch App";
			sourceTree = "<group>";
		};
/* End PBXFileSystemSynchronizedRootGroup section */

/* Begin PBXFrameworksBuildPhase section */
		197D23702F226AF2003F8307 /* Frameworks */ = {
			isa = PBXFrameworksBuildPhase;
			buildActionMask = 2147483647;
			files = (
			);
			runOnlyForDeploymentPostprocessing = 0;
		};
		197D237D2F226AF2003F8307 /* Frameworks */ = {
			isa = PBXFrameworksBuildPhase;
			buildActionMask = 2147483647;
			files = (
			);
			runOnlyForDeploymentPostprocessing = 0;
		};
/* End PBXFrameworksBuildPhase section */

/* Begin PBXGroup section */
		197D236A2F226AF2003F8307 = {
			isa = PBXGroup;
			children = (
				196E30722F3F6E5700599E88 /* R_morse_code.ogg.mp3 */,
				196E306E2F3F6E5600599E88 /* S_morse_code.ogg.mp3 */,
				196E306A2F3F6E5600599E88 /* T_morse_code.ogg.mp3 */,
				196E30712F3F6E5700599E88 /* U_morse_code.ogg.mp3 */,
				196E30702F3F6E5700599E88 /* V_morse_code.ogg.mp3 */,
				196E306D2F3F6E5600599E88 /* W_morse_code.ogg.mp3 */,
				196E306B2F3F6E5600599E88 /* X_morse_code.ogg.mp3 */,
				196E306F2F3F6E5600599E88 /* Y_morse_code.ogg.mp3 */,
				196E306C2F3F6E5600599E88 /* Z_morse_code.ogg.mp3 */,
				196E305E2F3F6DEF00599E88 /* J_morse_code.ogg.mp3 */,
				196E305A2F3F6DEF00599E88 /* K_morse_code.ogg.mp3 */,
				196E305B2F3F6DEF00599E88 /* L_morse_code.ogg.mp3 */,
				196E305D2F3F6DEF00599E88 /* M_morse_code.ogg.mp3 */,
				196E30612F3F6DEF00599E88 /* N_morse_code.ogg.mp3 */,
				196E305C2F3F6DEF00599E88 /* O_morse_code.ogg.mp3 */,
				196E305F2F3F6DEF00599E88 /* P_morse_code.ogg.mp3 */,
				196E30602F3F6DEF00599E88 /* Q_morse_code.ogg.mp3 */,
				196E30502F3F6D7300599E88 /* E_morse_code.ogg.mp3 */,
				196E30542F3F6D7300599E88 /* F_morse_code.ogg.mp3 */,
				196E30512F3F6D7300599E88 /* G_morse_code.ogg.mp3 */,
				196E309A2F46037C00599E88 /* AppIcon.icon */,
				196E30522F3F6D7300599E88 /* H_morse_code.ogg.mp3 */,
				196E30532F3F6D7300599E88 /* I_morse_code.ogg.mp3 */,
				196E304E2F3F6D5B00599E88 /* D_morse_code.ogg.mp3 */,
				196E304C2F3F6D5100599E88 /* C_morse_code.ogg.mp3 */,
				196E304A2F3F6D4800599E88 /* B_morse_code.ogg.mp3 */,
				196E30482F3F6D3E00599E88 /* A_morse_code.ogg.mp3 */,
				197D23752F226AF2003F8307 /* MorseMode */,
				197D23842F226AF2003F8307 /* MorseMode Watch App */,
				197D23742F226AF2003F8307 /* Products */,
				19DDB3C42F3CD37100E1C059 /* PhoneConnectivity.swift */,
				19DDB3C62F3CE73500E1C059 /* MorseModeConnectivity.swift */,
			);
			sourceTree = "<group>";
		};
		197D23742F226AF2003F8307 /* Products */ = {
			isa = PBXGroup;
			children = (
				197D23732F226AF2003F8307 /* MorseMode.app */,
				197D23802F226AF2003F8307 /* MorseMode Watch App.app */,
			);
			name = Products;
			sourceTree = "<group>";
		};
/* End PBXGroup section */

/* Begin PBXNativeTarget section */
		197D23722F226AF2003F8307 /* MorseMode */ = {
			isa = PBXNativeTarget;
			buildConfigurationList = 197D23912F226AF3003F8307 /* Build configuration list for PBXNativeTarget "MorseMode" */;
			buildPhases = (
				197D236F2F226AF2003F8307 /* Sources */,
				197D23702F226AF2003F8307 /* Frameworks */,
				197D23712F226AF2003F8307 /* Resources */,
				197D23902F226AF3003F8307 /* Embed Watch Content */,
			);
			buildRules = (
			);
			dependencies = (
				197D23832F226AF2003F8307 /* PBXTargetDependency */,
			);
			fileSystemSynchronizedGroups = (
				197D23752F226AF2003F8307 /* MorseMode */,
			);
			name = MorseMode;
			packageProductDependencies = (
			);
			productName = MorseMode;
			productReference = 197D23732F226AF2003F8307 /* MorseMode.app */;
			productType = "com.apple.product-type.application";
		};
		197D237F2F226AF2003F8307 /* MorseMode Watch App */ = {
			isa = PBXNativeTarget;
			buildConfigurationList = 197D238D2F226AF3003F8307 /* Build configuration list for PBXNativeTarget "MorseMode Watch App" */;
			buildPhases = (
				197D237C2F226AF2003F8307 /* Sources */,
				197D237D2F226AF2003F8307 /* Frameworks */,
				197D237E2F226AF2003F8307 /* Resources */,
			);
			buildRules = (
			);
			dependencies = (
			);
			fileSystemSynchronizedGroups = (
				197D23842F226AF2003F8307 /* MorseMode Watch App */,
			);
			name = "MorseMode Watch App";
			packageProductDependencies = (
			);
			productName = "MorseMode Watch App";
			productReference = 197D23802F226AF2003F8307 /* MorseMode Watch App.app */;
			productType = "com.apple.product-type.application";
		};
/* End PBXNativeTarget section */

/* Begin PBXProject section */
		197D236B2F226AF2003F8307 /* Project object */ = {
			isa = PBXProject;
			attributes = {
				BuildIndependentTargetsInParallel = 1;
				LastSwiftUpdateCheck = 2610;
				LastUpgradeCheck = 2620;
				TargetAttributes = {
					197D23722F226AF2003F8307 = {
						CreatedOnToolsVersion = 26.1.1;
					};
					197D237F2F226AF2003F8307 = {
						CreatedOnToolsVersion = 26.1.1;
					};
				};
			};
			buildConfigurationList = 197D236E2F226AF2003F8307 /* Build configuration list for PBXProject "MorseMode" */;
			developmentRegion = en;
			hasScannedForEncodings = 0;
			knownRegions = (
				en,
				Base,
			);
			mainGroup = 197D236A2F226AF2003F8307;
			minimizedProjectReferenceProxies = 1;
			preferredProjectObjectVersion = 77;
			productRefGroup = 197D23742F226AF2003F8307 /* Products */;
			projectDirPath = "";
			projectRoot = "";
			targets = (
				197D23722F226AF2003F8307 /* MorseMode */,
				197D237F2F226AF2003F8307 /* MorseMode Watch App */,
			);
		};
/* End PBXProject section */

/* Begin PBXResourcesBuildPhase section */
		197D23712F226AF2003F8307 /* Resources */ = {
			isa = PBXResourcesBuildPhase;
			buildActionMask = 2147483647;
			files = (
				196E30732F3F6E5700599E88 /* T_morse_code.ogg.mp3 in Resources */,
				196E30742F3F6E5700599E88 /* X_morse_code.ogg.mp3 in Resources */,
				196E309B2F46037C00599E88 /* AppIcon.icon in Resources */,
				196E30752F3F6E5700599E88 /* Z_morse_code.ogg.mp3 in Resources */,
				196E30762F3F6E5700599E88 /* W_morse_code.ogg.mp3 in Resources */,
				196E30772F3F6E5700599E88 /* S_morse_code.ogg.mp3 in Resources */,
				196E30782F3F6E5700599E88 /* Y_morse_code.ogg.mp3 in Resources */,
				196E30792F3F6E5700599E88 /* V_morse_code.ogg.mp3 in Resources */,
				196E307A2F3F6E5700599E88 /* U_morse_code.ogg.mp3 in Resources */,
				196E307B2F3F6E5700599E88 /* R_morse_code.ogg.mp3 in Resources */,
				196E30622F3F6DEF00599E88 /* K_morse_code.ogg.mp3 in Resources */,
				196E30632F3F6DEF00599E88 /* L_morse_code.ogg.mp3 in Resources */,
				196E30642F3F6DEF00599E88 /* O_morse_code.ogg.mp3 in Resources */,
				196E30652F3F6DEF00599E88 /* M_morse_code.ogg.mp3 in Resources */,
				196E30662F3F6DEF00599E88 /* J_morse_code.ogg.mp3 in Resources */,
				196E30672F3F6DEF00599E88 /* P_morse_code.ogg.mp3 in Resources */,
				196E30682F3F6DEF00599E88 /* Q_morse_code.ogg.mp3 in Resources */,
				196E30692F3F6DEF00599E88 /* N_morse_code.ogg.mp3 in Resources */,
				196E30552F3F6D7300599E88 /* E_morse_code.ogg.mp3 in Resources */,
				196E30562F3F6D7300599E88 /* G_morse_code.ogg.mp3 in Resources */,
				196E30572F3F6D7300599E88 /* H_morse_code.ogg.mp3 in Resources */,
				196E30582F3F6D7300599E88 /* I_morse_code.ogg.mp3 in Resources */,
				196E30592F3F6D7300599E88 /* F_morse_code.ogg.mp3 in Resources */,
				196E304F2F3F6D5C00599E88 /* D_morse_code.ogg.mp3 in Resources */,
				196E304D2F3F6D5200599E88 /* C_morse_code.ogg.mp3 in Resources */,
				196E304B2F3F6D4800599E88 /* B_morse_code.ogg.mp3 in Resources */,
				196E30492F3F6D3E00599E88 /* A_morse_code.ogg.mp3 in Resources */,
			);
			runOnlyForDeploymentPostprocessing = 0;
		};
		197D237E2F226AF2003F8307 /* Resources */ = {
			isa = PBXResourcesBuildPhase;
			buildActionMask = 2147483647;
			files = (
				196E307C2F3F71FD00599E88 /* R_morse_code.ogg.mp3 in Resources */,
				196E307D2F3F71FD00599E88 /* S_morse_code.ogg.mp3 in Resources */,
				196E309C2F46037C00599E88 /* AppIcon.icon in Resources */,
				196E307E2F3F71FD00599E88 /* T_morse_code.ogg.mp3 in Resources */,
				196E307F2F3F71FD00599E88 /* U_morse_code.ogg.mp3 in Resources */,
				196E30802F3F71FD00599E88 /* V_morse_code.ogg.mp3 in Resources */,
				196E30812F3F71FD00599E88 /* W_morse_code.ogg.mp3 in Resources */,
				196E30822F3F71FD00599E88 /* X_morse_code.ogg.mp3 in Resources */,
				196E30832F3F71FD00599E88 /* Y_morse_code.ogg.mp3 in Resources */,
				196E30842F3F71FD00599E88 /* Z_morse_code.ogg.mp3 in Resources */,
				196E30852F3F71FD00599E88 /* J_morse_code.ogg.mp3 in Resources */,
				196E30862F3F71FD00599E88 /* K_morse_code.ogg.mp3 in Resources */,
				196E30872F3F71FD00599E88 /* L_morse_code.ogg.mp3 in Resources */,
				196E30882F3F71FD00599E88 /* M_morse_code.ogg.mp3 in Resources */,
				196E30892F3F71FD00599E88 /* N_morse_code.ogg.mp3 in Resources */,
				196E308A2F3F71FD00599E88 /* O_morse_code.ogg.mp3 in Resources */,
				196E308B2F3F71FD00599E88 /* P_morse_code.ogg.mp3 in Resources */,
				196E308C2F3F71FD00599E88 /* Q_morse_code.ogg.mp3 in Resources */,
				196E308D2F3F71FD00599E88 /* E_morse_code.ogg.mp3 in Resources */,
				196E308E2F3F71FD00599E88 /* F_morse_code.ogg.mp3 in Resources */,
				196E308F2F3F71FD00599E88 /* G_morse_code.ogg.mp3 in Resources */,
				196E30902F3F71FD00599E88 /* H_morse_code.ogg.mp3 in Resources */,
				196E30912F3F71FD00599E88 /* I_morse_code.ogg.mp3 in Resources */,
				196E30922F3F71FD00599E88 /* D_morse_code.ogg.mp3 in Resources */,
				196E30932F3F71FD00599E88 /* C_morse_code.ogg.mp3 in Resources */,
				196E30942F3F71FD00599E88 /* B_morse_code.ogg.mp3 in Resources */,
				196E30952F3F71FD00599E88 /* A_morse_code.ogg.mp3 in Resources */,
			);
			runOnlyForDeploymentPostprocessing = 0;
		};
/* End PBXResourcesBuildPhase section */

/* Begin PBXSourcesBuildPhase section */
		197D236F2F226AF2003F8307 /* Sources */ = {
			isa = PBXSourcesBuildPhase;
			buildActionMask = 2147483647;
			files = (
				19DDB3C72F3CE73500E1C059 /* MorseModeConnectivity.swift in Sources */,
				19DDB3C52F3CD37100E1C059 /* PhoneConnectivity.swift in Sources */,
			);
			runOnlyForDeploymentPostprocessing = 0;
		};
		197D237C2F226AF2003F8307 /* Sources */ = {
			isa = PBXSourcesBuildPhase;
			buildActionMask = 2147483647;
			files = (
			);
			runOnlyForDeploymentPostprocessing = 0;
		};
/* End PBXSourcesBuildPhase section */

/* Begin PBXTargetDependency section */
		197D23832F226AF2003F8307 /* PBXTargetDependency */ = {
			isa = PBXTargetDependency;
			target = 197D237F2F226AF2003F8307 /* MorseMode Watch App */;
			targetProxy = 197D23822F226AF2003F8307 /* PBXContainerItemProxy */;
		};
/* End PBXTargetDependency section */

/* Begin XCBuildConfiguration section */
		197D238B2F226AF3003F8307 /* Debug */ = {
			isa = XCBuildConfiguration;
			buildSettings = {
				ALWAYS_SEARCH_USER_PATHS = NO;
				ASSETCATALOG_COMPILER_GENERATE_SWIFT_ASSET_SYMBOL_EXTENSIONS = YES;
				CLANG_ANALYZER_NONNULL = YES;
				CLANG_ANALYZER_NUMBER_OBJECT_CONVERSION = YES_AGGRESSIVE;
				CLANG_CXX_LANGUAGE_STANDARD = "gnu++20";
				CLANG_ENABLE_MODULES = YES;
				CLANG_ENABLE_OBJC_ARC = YES;
				CLANG_ENABLE_OBJC_WEAK = YES;
				CLANG_WARN_BLOCK_CAPTURE_AUTORELEASING = YES;
				CLANG_WARN_BOOL_CONVERSION = YES;
				CLANG_WARN_COMMA = YES;
				CLANG_WARN_CONSTANT_CONVERSION = YES;
				CLANG_WARN_DEPRECATED_OBJC_IMPLEMENTATIONS = YES;
				CLANG_WARN_DIRECT_OBJC_ISA_USAGE = YES_ERROR;
				CLANG_WARN_DOCUMENTATION_COMMENTS = YES;
				CLANG_WARN_EMPTY_BODY = YES;
				CLANG_WARN_ENUM_CONVERSION = YES;
				CLANG_WARN_INFINITE_RECURSION = YES;
				CLANG_WARN_INT_CONVERSION = YES;
				CLANG_WARN_NON_LITERAL_NULL_CONVERSION = YES;
				CLANG_WARN_OBJC_IMPLICIT_RETAIN_SELF = YES;
				CLANG_WARN_OBJC_LITERAL_CONVERSION = YES;
				CLANG_WARN_OBJC_ROOT_CLASS = YES_ERROR;
				CLANG_WARN_QUOTED_INCLUDE_IN_FRAMEWORK_HEADER = YES;
				CLANG_WARN_RANGE_LOOP_ANALYSIS = YES;
				CLANG_WARN_STRICT_PROTOTYPES = YES;
				CLANG_WARN_SUSPICIOUS_MOVE = YES;
				CLANG_WARN_UNGUARDED_AVAILABILITY = YES_AGGRESSIVE;
				CLANG_WARN_UNREACHABLE_CODE = YES;
				CLANG_WARN__DUPLICATE_METHOD_MATCH = YES;
				COPY_PHASE_STRIP = NO;
				DEAD_CODE_STRIPPING = YES;
				DEBUG_INFORMATION_FORMAT = dwarf;
				DEVELOPMENT_TEAM = 347R3MZ6QA;
				ENABLE_STRICT_OBJC_MSGSEND = YES;
				ENABLE_TESTABILITY = YES;
				ENABLE_USER_SCRIPT_SANDBOXING = YES;
				GCC_C_LANGUAGE_STANDARD = gnu17;
				GCC_DYNAMIC_NO_PIC = NO;
				GCC_NO_COMMON_BLOCKS = YES;
				GCC_OPTIMIZATION_LEVEL = 0;
				GCC_PREPROCESSOR_DEFINITIONS = (
					"DEBUG=1",
					"$(inherited)",
				);
				GCC_WARN_64_TO_32_BIT_CONVERSION = YES;
				GCC_WARN_ABOUT_RETURN_TYPE = YES_ERROR;
				GCC_WARN_UNDECLARED_SELECTOR = YES;
				GCC_WARN_UNINITIALIZED_AUTOS = YES_AGGRESSIVE;
				GCC_WARN_UNUSED_FUNCTION = YES;
				GCC_WARN_UNUSED_VARIABLE = YES;
				LOCALIZATION_PREFERS_STRING_CATALOGS = YES;
				MTL_ENABLE_DEBUG_INFO = INCLUDE_SOURCE;
				MTL_FAST_MATH = YES;
				ONLY_ACTIVE_ARCH = YES;
				STRING_CATALOG_GENERATE_SYMBOLS = YES;
				SWIFT_ACTIVE_COMPILATION_CONDITIONS = "DEBUG $(inherited)";
				SWIFT_OPTIMIZATION_LEVEL = "-Onone";
			};
			name = Debug;
		};
		197D238C2F226AF3003F8307 /* Release */ = {
			isa = XCBuildConfiguration;
			buildSettings = {
				ALWAYS_SEARCH_USER_PATHS = NO;
				ASSETCATALOG_COMPILER_GENERATE_SWIFT_ASSET_SYMBOL_EXTENSIONS = YES;
				CLANG_ANALYZER_NONNULL = YES;
				CLANG_ANALYZER_NUMBER_OBJECT_CONVERSION = YES_AGGRESSIVE;
				CLANG_CXX_LANGUAGE_STANDARD = "gnu++20";
				CLANG_ENABLE_MODULES = YES;
				CLANG_ENABLE_OBJC_ARC = YES;
				CLANG_ENABLE_OBJC_WEAK = YES;
				CLANG_WARN_BLOCK_CAPTURE_AUTORELEASING = YES;
				CLANG_WARN_BOOL_CONVERSION = YES;
				CLANG_WARN_COMMA = YES;
				CLANG_WARN_CONSTANT_CONVERSION = YES;
				CLANG_WARN_DEPRECATED_OBJC_IMPLEMENTATIONS = YES;
				CLANG_WARN_DIRECT_OBJC_ISA_USAGE = YES_ERROR;
				CLANG_WARN_DOCUMENTATION_COMMENTS = YES;
				CLANG_WARN_EMPTY_BODY = YES;
				CLANG_WARN_ENUM_CONVERSION = YES;
				CLANG_WARN_INFINITE_RECURSION = YES;
				CLANG_WARN_INT_CONVERSION = YES;
				CLANG_WARN_NON_LITERAL_NULL_CONVERSION = YES;
				CLANG_WARN_OBJC_IMPLICIT_RETAIN_SELF = YES;
				CLANG_WARN_OBJC_LITERAL_CONVERSION = YES;
				CLANG_WARN_OBJC_ROOT_CLASS = YES_ERROR;
				CLANG_WARN_QUOTED_INCLUDE_IN_FRAMEWORK_HEADER = YES;
				CLANG_WARN_RANGE_LOOP_ANALYSIS = YES;
				CLANG_WARN_STRICT_PROTOTYPES = YES;
				CLANG_WARN_SUSPICIOUS_MOVE = YES;
				CLANG_WARN_UNGUARDED_AVAILABILITY = YES_AGGRESSIVE;
				CLANG_WARN_UNREACHABLE_CODE = YES;
				CLANG_WARN__DUPLICATE_METHOD_MATCH = YES;
				COPY_PHASE_STRIP = NO;
				DEAD_CODE_STRIPPING = YES;
				DEBUG_INFORMATION_FORMAT = "dwarf-with-dsym";
				DEVELOPMENT_TEAM = 347R3MZ6QA;
				ENABLE_NS_ASSERTIONS = NO;
				ENABLE_STRICT_OBJC_MSGSEND = YES;
				ENABLE_USER_SCRIPT_SANDBOXING = YES;
				GCC_C_LANGUAGE_STANDARD = gnu17;
				GCC_NO_COMMON_BLOCKS = YES;
				GCC_WARN_64_TO_32_BIT_CONVERSION = YES;
				GCC_WARN_ABOUT_RETURN_TYPE = YES_ERROR;
				GCC_WARN_UNDECLARED_SELECTOR = YES;
				GCC_WARN_UNINITIALIZED_AUTOS = YES_AGGRESSIVE;
				GCC_WARN_UNUSED_FUNCTION = YES;
				GCC_WARN_UNUSED_VARIABLE = YES;
				LOCALIZATION_PREFERS_STRING_CATALOGS = YES;
				MTL_ENABLE_DEBUG_INFO = NO;
				MTL_FAST_MATH = YES;
				STRING_CATALOG_GENERATE_SYMBOLS = YES;
				SWIFT_COMPILATION_MODE = wholemodule;
			};
			name = Release;
		};
		197D238E2F226AF3003F8307 /* Debug */ = {
			isa = XCBuildConfiguration;
			buildSettings = {
				ASSETCATALOG_COMPILER_APPICON_NAME = AppIcon;
				ASSETCATALOG_COMPILER_GLOBAL_ACCENT_COLOR_NAME = AccentColor;
				CODE_SIGN_STYLE = Automatic;
				CURRENT_PROJECT_VERSION = 1;
				DEVELOPMENT_TEAM = 347R3MZ6QA;
				ENABLE_PREVIEWS = YES;
				GENERATE_INFOPLIST_FILE = YES;
				INFOPLIST_FILE = "MorseMode-Watch-App-Info.plist";
				INFOPLIST_KEY_CFBundleDisplayName = MorseMode;
				INFOPLIST_KEY_UISupportedInterfaceOrientations = "UIInterfaceOrientationPortrait UIInterfaceOrientationPortraitUpsideDown";
				INFOPLIST_KEY_WKCompanionAppBundleIdentifier = com.Ishauna.MorseModeTest;
				LD_RUNPATH_SEARCH_PATHS = (
					"$(inherited)",
					"@executable_path/Frameworks",
				);
				MARKETING_VERSION = 1.0;
				PRODUCT_BUNDLE_IDENTIFIER = com.Ishauna.MorseModeTest.watchkitapp;
				PRODUCT_NAME = "$(TARGET_NAME)";
				SDKROOT = watchos;
				SKIP_INSTALL = YES;
				STRING_CATALOG_GENERATE_SYMBOLS = YES;
				SWIFT_APPROACHABLE_CONCURRENCY = YES;
				SWIFT_DEFAULT_ACTOR_ISOLATION = MainActor;
				SWIFT_EMIT_LOC_STRINGS = YES;
				SWIFT_UPCOMING_FEATURE_MEMBER_IMPORT_VISIBILITY = YES;
				SWIFT_VERSION = 5.0;
				TARGETED_DEVICE_FAMILY = 4;
				WATCHOS_DEPLOYMENT_TARGET = 26.1;
			};
			name = Debug;
		};
		197D238F2F226AF3003F8307 /* Release */ = {
			isa = XCBuildConfiguration;
			buildSettings = {
				ASSETCATALOG_COMPILER_APPICON_NAME = AppIcon;
				ASSETCATALOG_COMPILER_GLOBAL_ACCENT_COLOR_NAME = AccentColor;
				CODE_SIGN_STYLE = Automatic;
				CURRENT_PROJECT_VERSION = 1;
				DEVELOPMENT_TEAM = 347R3MZ6QA;
				ENABLE_PREVIEWS = YES;
				GENERATE_INFOPLIST_FILE = YES;
				INFOPLIST_FILE = "MorseMode-Watch-App-Info.plist";
				INFOPLIST_KEY_CFBundleDisplayName = MorseMode;
				INFOPLIST_KEY_UISupportedInterfaceOrientations = "UIInterfaceOrientationPortrait UIInterfaceOrientationPortraitUpsideDown";
				INFOPLIST_KEY_WKCompanionAppBundleIdentifier = com.Ishauna.MorseModeTest;
				LD_RUNPATH_SEARCH_PATHS = (
					"$(inherited)",
					"@executable_path/Frameworks",
				);
				MARKETING_VERSION = 1.0;
				PRODUCT_BUNDLE_IDENTIFIER = com.Ishauna.MorseModeTest.watchkitapp;
				PRODUCT_NAME = "$(TARGET_NAME)";
				SDKROOT = watchos;
				SKIP_INSTALL = YES;
				STRING_CATALOG_GENERATE_SYMBOLS = YES;
				SWIFT_APPROACHABLE_CONCURRENCY = YES;
				SWIFT_DEFAULT_ACTOR_ISOLATION = MainActor;
				SWIFT_EMIT_LOC_STRINGS = YES;
				SWIFT_UPCOMING_FEATURE_MEMBER_IMPORT_VISIBILITY = YES;
				SWIFT_VERSION = 5.0;
				TARGETED_DEVICE_FAMILY = 4;
				VALIDATE_PRODUCT = YES;
				WATCHOS_DEPLOYMENT_TARGET = 26.1;
			};
			name = Release;
		};
		197D23922F226AF3003F8307 /* Debug */ = {
			isa = XCBuildConfiguration;
			buildSettings = {
				ASSETCATALOG_COMPILER_APPICON_NAME = AppIcon;
				ASSETCATALOG_COMPILER_GLOBAL_ACCENT_COLOR_NAME = AccentColor;
				CODE_SIGN_STYLE = Automatic;
				CURRENT_PROJECT_VERSION = 1;
				DEVELOPMENT_TEAM = 347R3MZ6QA;
				ENABLE_PREVIEWS = YES;
				GENERATE_INFOPLIST_FILE = YES;
				INFOPLIST_FILE = MorseMode/Info.plist;
				INFOPLIST_KEY_CFBundleDisplayName = MorseMode;
				INFOPLIST_KEY_UIApplicationSceneManifest_Generation = YES;
				INFOPLIST_KEY_UIApplicationSupportsIndirectInputEvents = YES;
				INFOPLIST_KEY_UILaunchScreen_Generation = YES;
				INFOPLIST_KEY_UISupportedInterfaceOrientations_iPad = "UIInterfaceOrientationPortrait UIInterfaceOrientationPortraitUpsideDown UIInterfaceOrientationLandscapeLeft UIInterfaceOrientationLandscapeRight";
				INFOPLIST_KEY_UISupportedInterfaceOrientations_iPhone = "UIInterfaceOrientationPortrait UIInterfaceOrientationLandscapeLeft UIInterfaceOrientationLandscapeRight";
				IPHONEOS_DEPLOYMENT_TARGET = 26.1;
				LD_RUNPATH_SEARCH_PATHS = (
					"$(inherited)",
					"@executable_path/Frameworks",
				);
				MARKETING_VERSION = 1.0;
				PRODUCT_BUNDLE_IDENTIFIER = com.Ishauna.MorseModeTest;
				PRODUCT_NAME = "$(TARGET_NAME)";
				SDKROOT = iphoneos;
				STRING_CATALOG_GENERATE_SYMBOLS = YES;
				SWIFT_APPROACHABLE_CONCURRENCY = YES;
				SWIFT_DEFAULT_ACTOR_ISOLATION = MainActor;
				SWIFT_EMIT_LOC_STRINGS = YES;
				SWIFT_UPCOMING_FEATURE_MEMBER_IMPORT_VISIBILITY = YES;
				SWIFT_VERSION = 5.0;
				TARGETED_DEVICE_FAMILY = "1,2";
			};
			name = Debug;
		};
		197D23932F226AF3003F8307 /* Release */ = {
			isa = XCBuildConfiguration;
			buildSettings = {
				ASSETCATALOG_COMPILER_APPICON_NAME = AppIcon;
				ASSETCATALOG_COMPILER_GLOBAL_ACCENT_COLOR_NAME = AccentColor;
				CODE_SIGN_STYLE = Automatic;
				CURRENT_PROJECT_VERSION = 1;
				DEVELOPMENT_TEAM = 347R3MZ6QA;
				ENABLE_PREVIEWS = YES;
				GENERATE_INFOPLIST_FILE = YES;
				INFOPLIST_FILE = MorseMode/Info.plist;
				INFOPLIST_KEY_CFBundleDisplayName = MorseMode;
				INFOPLIST_KEY_UIApplicationSceneManifest_Generation = YES;
				INFOPLIST_KEY_UIApplicationSupportsIndirectInputEvents = YES;
				INFOPLIST_KEY_UILaunchScreen_Generation = YES;
				INFOPLIST_KEY_UISupportedInterfaceOrientations_iPad = "UIInterfaceOrientationPortrait UIInterfaceOrientationPortraitUpsideDown UIInterfaceOrientationLandscapeLeft UIInterfaceOrientationLandscapeRight";
				INFOPLIST_KEY_UISupportedInterfaceOrientations_iPhone = "UIInterfaceOrientationPortrait UIInterfaceOrientationLandscapeLeft UIInterfaceOrientationLandscapeRight";
				IPHONEOS_DEPLOYMENT_TARGET = 26.1;
				LD_RUNPATH_SEARCH_PATHS = (
					"$(inherited)",
					"@executable_path/Frameworks",
				);
				MARKETING_VERSION = 1.0;
				PRODUCT_BUNDLE_IDENTIFIER = com.Ishauna.MorseModeTest;
				PRODUCT_NAME = "$(TARGET_NAME)";
				SDKROOT = iphoneos;
				STRING_CATALOG_GENERATE_SYMBOLS = YES;
				SWIFT_APPROACHABLE_CONCURRENCY = YES;
				SWIFT_DEFAULT_ACTOR_ISOLATION = MainActor;
				SWIFT_EMIT_LOC_STRINGS = YES;
				SWIFT_UPCOMING_FEATURE_MEMBER_IMPORT_VISIBILITY = YES;
				SWIFT_VERSION = 5.0;
				TARGETED_DEVICE_FAMILY = "1,2";
				VALIDATE_PRODUCT = YES;
			};
			name = Release;
		};
/* End XCBuildConfiguration section */

/* Begin XCConfigurationList section */
		197D236E2F226AF2003F8307 /* Build configuration list for PBXProject "MorseMode" */ = {
			isa = XCConfigurationList;
			buildConfigurations = (
				197D238B2F226AF3003F8307 /* Debug */,
				197D238C2F226AF3003F8307 /* Release */,
			);
			defaultConfigurationIsVisible = 0;
			defaultConfigurationName = Release;
		};
		197D238D2F226AF3003F8307 /* Build configuration list for PBXNativeTarget "MorseMode Watch App" */ = {
			isa = XCConfigurationList;
			buildConfigurations = (
				197D238E2F226AF3003F8307 /* Debug */,
				197D238F2F226AF3003F8307 /* Release */,
			);
			defaultConfigurationIsVisible = 0;
			defaultConfigurationName = Release;
		};
		197D23912F226AF3003F8307 /* Build configuration list for PBXNativeTarget "MorseMode" */ = {
			isa = XCConfigurationList;
			buildConfigurations = (
				197D23922F226AF3003F8307 /* Debug */,
				197D23932F226AF3003F8307 /* Release */,
			);
			defaultConfigurationIsVisible = 0;
			defaultConfigurationName = Release;
		};
/* End XCConfigurationList section */
	};
	rootObject = 197D236B2F226AF2003F8307 /* Project object */;
}
